// !$*UTF8*$!
{
	archiveVersion = 1;
	classes = {
	};
	objectVersion = 55;
	objects = {

/* Begin PBXBuildFile section */
		9107A55B27B167E70056308C /* MainVC.swift in Sources */ = {isa = PBXBuildFile; fileRef = 9107A55A27B167E70056308C /* MainVC.swift */; };
		9107A55D27B171BE0056308C /* MainView.swift in Sources */ = {isa = PBXBuildFile; fileRef = 9107A55C27B171BE0056308C /* MainView.swift */; };
		9193FDEF27B29311003789F9 /* IQTextView.swift in Sources */ = {isa = PBXBuildFile; fileRef = 9193FDD427B29311003789F9 /* IQTextView.swift */; };
		9193FDF027B29311003789F9 /* IQKeyboardManager+Internal.swift in Sources */ = {isa = PBXBuildFile; fileRef = 9193FDD527B29311003789F9 /* IQKeyboardManager+Internal.swift */; };
		9193FDF127B29311003789F9 /* IQPreviousNextView.swift in Sources */ = {isa = PBXBuildFile; fileRef = 9193FDD727B29311003789F9 /* IQPreviousNextView.swift */; };
		9193FDF227B29311003789F9 /* IQTitleBarButtonItem.swift in Sources */ = {isa = PBXBuildFile; fileRef = 9193FDD827B29311003789F9 /* IQTitleBarButtonItem.swift */; };
		9193FDF327B29311003789F9 /* IQBarButtonItem.swift in Sources */ = {isa = PBXBuildFile; fileRef = 9193FDD927B29311003789F9 /* IQBarButtonItem.swift */; };
		9193FDF427B29311003789F9 /* IQToolbar.swift in Sources */ = {isa = PBXBuildFile; fileRef = 9193FDDA27B29311003789F9 /* IQToolbar.swift */; };
		9193FDF527B29311003789F9 /* IQUIView+IQKeyboardToolbar.swift in Sources */ = {isa = PBXBuildFile; fileRef = 9193FDDB27B29311003789F9 /* IQUIView+IQKeyboardToolbar.swift */; };
		9193FDF627B29311003789F9 /* IQInvocation.swift in Sources */ = {isa = PBXBuildFile; fileRef = 9193FDDC27B29311003789F9 /* IQInvocation.swift */; };
		9193FDF727B29311003789F9 /* IQKeyboardManager+UIKeyboardNotification.swift in Sources */ = {isa = PBXBuildFile; fileRef = 9193FDDD27B29311003789F9 /* IQKeyboardManager+UIKeyboardNotification.swift */; };
		9193FDF827B29311003789F9 /* IQKeyboardManagerConstantsInternal.swift in Sources */ = {isa = PBXBuildFile; fileRef = 9193FDDF27B29311003789F9 /* IQKeyboardManagerConstantsInternal.swift */; };
		9193FDF927B29311003789F9 /* IQKeyboardManagerConstants.swift in Sources */ = {isa = PBXBuildFile; fileRef = 9193FDE027B29311003789F9 /* IQKeyboardManagerConstants.swift */; };
		9193FDFA27B29311003789F9 /* IQKeyboardManager+Position.swift in Sources */ = {isa = PBXBuildFile; fileRef = 9193FDE127B29311003789F9 /* IQKeyboardManager+Position.swift */; };
		9193FDFB27B29311003789F9 /* IQKeyboardReturnKeyHandler.swift in Sources */ = {isa = PBXBuildFile; fileRef = 9193FDE227B29311003789F9 /* IQKeyboardReturnKeyHandler.swift */; };
		9193FDFC27B29311003789F9 /* IQKeyboardManager.swift in Sources */ = {isa = PBXBuildFile; fileRef = 9193FDE327B29311003789F9 /* IQKeyboardManager.swift */; };
		9193FDFD27B29311003789F9 /* IQKeyboardManager+Debug.swift in Sources */ = {isa = PBXBuildFile; fileRef = 9193FDE427B29311003789F9 /* IQKeyboardManager+Debug.swift */; };
		9193FDFE27B29311003789F9 /* IQKeyboardManager+OrientationNotification.swift in Sources */ = {isa = PBXBuildFile; fileRef = 9193FDE527B29311003789F9 /* IQKeyboardManager+OrientationNotification.swift */; };
		9193FDFF27B29311003789F9 /* IQKeyboardManager+Toolbar.swift in Sources */ = {isa = PBXBuildFile; fileRef = 9193FDE627B29311003789F9 /* IQKeyboardManager+Toolbar.swift */; };
		9193FE0027B29311003789F9 /* IQUIScrollView+Additions.swift in Sources */ = {isa = PBXBuildFile; fileRef = 9193FDE927B29311003789F9 /* IQUIScrollView+Additions.swift */; };
		9193FE0127B29311003789F9 /* IQUIViewController+Additions.swift in Sources */ = {isa = PBXBuildFile; fileRef = 9193FDEA27B29311003789F9 /* IQUIViewController+Additions.swift */; };
		9193FE0227B29311003789F9 /* IQUITextFieldView+Additions.swift in Sources */ = {isa = PBXBuildFile; fileRef = 9193FDEB27B29311003789F9 /* IQUITextFieldView+Additions.swift */; };
		9193FE0327B29311003789F9 /* IQUIView+Hierarchy.swift in Sources */ = {isa = PBXBuildFile; fileRef = 9193FDEC27B29311003789F9 /* IQUIView+Hierarchy.swift */; };
		9193FE0427B29311003789F9 /* IQNSArray+Sort.swift in Sources */ = {isa = PBXBuildFile; fileRef = 9193FDED27B29311003789F9 /* IQNSArray+Sort.swift */; };
		9193FE0527B29311003789F9 /* IQKeyboardManager+UITextFieldViewNotification.swift in Sources */ = {isa = PBXBuildFile; fileRef = 9193FDEE27B29311003789F9 /* IQKeyboardManager+UITextFieldViewNotification.swift */; };
		91D614EF27B0286A0094D9C3 /* AppDelegate.swift in Sources */ = {isa = PBXBuildFile; fileRef = 91D614EE27B0286A0094D9C3 /* AppDelegate.swift */; };
		91D614F127B0286A0094D9C3 /* SceneDelegate.swift in Sources */ = {isa = PBXBuildFile; fileRef = 91D614F027B0286A0094D9C3 /* SceneDelegate.swift */; };
		91D614F827B0286E0094D9C3 /* Assets.xcassets in Resources */ = {isa = PBXBuildFile; fileRef = 91D614F727B0286E0094D9C3 /* Assets.xcassets */; };
		91D614FB27B0286E0094D9C3 /* LaunchScreen.storyboard in Resources */ = {isa = PBXBuildFile; fileRef = 91D614F927B0286E0094D9C3 /* LaunchScreen.storyboard */; };
		91D6150327B02A4E0094D9C3 /* Encryption.swift in Sources */ = {isa = PBXBuildFile; fileRef = 91D6150227B02A4E0094D9C3 /* Encryption.swift */; };
		91D6150627B02ADD0094D9C3 /* Security.framework in Frameworks */ = {isa = PBXBuildFile; fileRef = 91D6150527B02ADD0094D9C3 /* Security.framework */; };
/* End PBXBuildFile section */

/* Begin PBXFileReference section */
		9107A55A27B167E70056308C /* MainVC.swift */ = {isa = PBXFileReference; lastKnownFileType = sourcecode.swift; path = MainVC.swift; sourceTree = "<group>"; };
		9107A55C27B171BE0056308C /* MainView.swift */ = {isa = PBXFileReference; lastKnownFileType = sourcecode.swift; path = MainView.swift; sourceTree = "<group>"; };
		9193FDD427B29311003789F9 /* IQTextView.swift */ = {isa = PBXFileReference; fileEncoding = 4; lastKnownFileType = sourcecode.swift; path = IQTextView.swift; sourceTree = "<group>"; };
		9193FDD527B29311003789F9 /* IQKeyboardManager+Internal.swift */ = {isa = PBXFileReference; fileEncoding = 4; lastKnownFileType = sourcecode.swift; path = "IQKeyboardManager+Internal.swift"; sourceTree = "<group>"; };
		9193FDD727B29311003789F9 /* IQPreviousNextView.swift */ = {isa = PBXFileReference; fileEncoding = 4; lastKnownFileType = sourcecode.swift; path = IQPreviousNextView.swift; sourceTree = "<group>"; };
		9193FDD827B29311003789F9 /* IQTitleBarButtonItem.swift */ = {isa = PBXFileReference; fileEncoding = 4; lastKnownFileType = sourcecode.swift; path = IQTitleBarButtonItem.swift; sourceTree = "<group>"; };
		9193FDD927B29311003789F9 /* IQBarButtonItem.swift */ = {isa = PBXFileReference; fileEncoding = 4; lastKnownFileType = sourcecode.swift; path = IQBarButtonItem.swift; sourceTree = "<group>"; };
		9193FDDA27B29311003789F9 /* IQToolbar.swift */ = {isa = PBXFileReference; fileEncoding = 4; lastKnownFileType = sourcecode.swift; path = IQToolbar.swift; sourceTree = "<group>"; };
		9193FDDB27B29311003789F9 /* IQUIView+IQKeyboardToolbar.swift */ = {isa = PBXFileReference; fileEncoding = 4; lastKnownFileType = sourcecode.swift; path = "IQUIView+IQKeyboardToolbar.swift"; sourceTree = "<group>"; };
		9193FDDC27B29311003789F9 /* IQInvocation.swift */ = {isa = PBXFileReference; fileEncoding = 4; lastKnownFileType = sourcecode.swift; path = IQInvocation.swift; sourceTree = "<group>"; };
		9193FDDD27B29311003789F9 /* IQKeyboardManager+UIKeyboardNotification.swift */ = {isa = PBXFileReference; fileEncoding = 4; lastKnownFileType = sourcecode.swift; path = "IQKeyboardManager+UIKeyboardNotification.swift"; sourceTree = "<group>"; };
		9193FDDF27B29311003789F9 /* IQKeyboardManagerConstantsInternal.swift */ = {isa = PBXFileReference; fileEncoding = 4; lastKnownFileType = sourcecode.swift; path = IQKeyboardManagerConstantsInternal.swift; sourceTree = "<group>"; };
		9193FDE027B29311003789F9 /* IQKeyboardManagerConstants.swift */ = {isa = PBXFileReference; fileEncoding = 4; lastKnownFileType = sourcecode.swift; path = IQKeyboardManagerConstants.swift; sourceTree = "<group>"; };
		9193FDE127B29311003789F9 /* IQKeyboardManager+Position.swift */ = {isa = PBXFileReference; fileEncoding = 4; lastKnownFileType = sourcecode.swift; path = "IQKeyboardManager+Position.swift"; sourceTree = "<group>"; };
		9193FDE227B29311003789F9 /* IQKeyboardReturnKeyHandler.swift */ = {isa = PBXFileReference; fileEncoding = 4; lastKnownFileType = sourcecode.swift; path = IQKeyboardReturnKeyHandler.swift; sourceTree = "<group>"; };
		9193FDE327B29311003789F9 /* IQKeyboardManager.swift */ = {isa = PBXFileReference; fileEncoding = 4; lastKnownFileType = sourcecode.swift; path = IQKeyboardManager.swift; sourceTree = "<group>"; };
		9193FDE427B29311003789F9 /* IQKeyboardManager+Debug.swift */ = {isa = PBXFileReference; fileEncoding = 4; lastKnownFileType = sourcecode.swift; path = "IQKeyboardManager+Debug.swift"; sourceTree = "<group>"; };
		9193FDE527B29311003789F9 /* IQKeyboardManager+OrientationNotification.swift */ = {isa = PBXFileReference; fileEncoding = 4; lastKnownFileType = sourcecode.swift; path = "IQKeyboardManager+OrientationNotification.swift"; sourceTree = "<group>"; };
		9193FDE627B29311003789F9 /* IQKeyboardManager+Toolbar.swift */ = {isa = PBXFileReference; fileEncoding = 4; lastKnownFileType = sourcecode.swift; path = "IQKeyboardManager+Toolbar.swift"; sourceTree = "<group>"; };
		9193FDE727B29311003789F9 /* IQKeyboardManagerSwift.h */ = {isa = PBXFileReference; fileEncoding = 4; lastKnownFileType = sourcecode.c.h; path = IQKeyboardManagerSwift.h; sourceTree = "<group>"; };
		9193FDE927B29311003789F9 /* IQUIScrollView+Additions.swift */ = {isa = PBXFileReference; fileEncoding = 4; lastKnownFileType = sourcecode.swift; path = "IQUIScrollView+Additions.swift"; sourceTree = "<group>"; };
		9193FDEA27B29311003789F9 /* IQUIViewController+Additions.swift */ = {isa = PBXFileReference; fileEncoding = 4; lastKnownFileType = sourcecode.swift; path = "IQUIViewController+Additions.swift"; sourceTree = "<group>"; };
		9193FDEB27B29311003789F9 /* IQUITextFieldView+Additions.swift */ = {isa = PBXFileReference; fileEncoding = 4; lastKnownFileType = sourcecode.swift; path = "IQUITextFieldView+Additions.swift"; sourceTree = "<group>"; };
		9193FDEC27B29311003789F9 /* IQUIView+Hierarchy.swift */ = {isa = PBXFileReference; fileEncoding = 4; lastKnownFileType = sourcecode.swift; path = "IQUIView+Hierarchy.swift"; sourceTree = "<group>"; };
		9193FDED27B29311003789F9 /* IQNSArray+Sort.swift */ = {isa = PBXFileReference; fileEncoding = 4; lastKnownFileType = sourcecode.swift; path = "IQNSArray+Sort.swift"; sourceTree = "<group>"; };
		9193FDEE27B29311003789F9 /* IQKeyboardManager+UITextFieldViewNotification.swift */ = {isa = PBXFileReference; fileEncoding = 4; lastKnownFileType = sourcecode.swift; path = "IQKeyboardManager+UITextFieldViewNotification.swift"; sourceTree = "<group>"; };
		91D614EB27B0286A0094D9C3 /* Cryptogram.app */ = {isa = PBXFileReference; explicitFileType = wrapper.application; includeInIndex = 0; path = Cryptogram.app; sourceTree = BUILT_PRODUCTS_DIR; };
		91D614EE27B0286A0094D9C3 /* AppDelegate.swift */ = {isa = PBXFileReference; lastKnownFileType = sourcecode.swift; path = AppDelegate.swift; sourceTree = "<group>"; };
		91D614F027B0286A0094D9C3 /* SceneDelegate.swift */ = {isa = PBXFileReference; lastKnownFileType = sourcecode.swift; path = SceneDelegate.swift; sourceTree = "<group>"; };
		91D614F727B0286E0094D9C3 /* Assets.xcassets */ = {isa = PBXFileReference; lastKnownFileType = folder.assetcatalog; path = Assets.xcassets; sourceTree = "<group>"; };
		91D614FA27B0286E0094D9C3 /* Base */ = {isa = PBXFileReference; lastKnownFileType = file.storyboard; name = Base; path = Base.lproj/LaunchScreen.storyboard; sourceTree = "<group>"; };
		91D614FC27B0286E0094D9C3 /* Info.plist */ = {isa = PBXFileReference; lastKnownFileType = text.plist.xml; path = Info.plist; sourceTree = "<group>"; };
		91D6150227B02A4E0094D9C3 /* Encryption.swift */ = {isa = PBXFileReference; lastKnownFileType = sourcecode.swift; path = Encryption.swift; sourceTree = "<group>"; };
		91D6150527B02ADD0094D9C3 /* Security.framework */ = {isa = PBXFileReference; lastKnownFileType = wrapper.framework; name = Security.framework; path = System/Library/Frameworks/Security.framework; sourceTree = SDKROOT; };
		91D6150727B02C150094D9C3 /* Cryptogram-Bridging-Header.h */ = {isa = PBXFileReference; lastKnownFileType = sourcecode.c.h; path = "Cryptogram-Bridging-Header.h"; sourceTree = "<group>"; };
/* End PBXFileReference section */

/* Begin PBXFrameworksBuildPhase section */
		91D614E827B0286A0094D9C3 /* Frameworks */ = {
			isa = PBXFrameworksBuildPhase;
			buildActionMask = 2147483647;
			files = (
				91D6150627B02ADD0094D9C3 /* Security.framework in Frameworks */,
			);
			runOnlyForDeploymentPostprocessing = 0;
		};
/* End PBXFrameworksBuildPhase section */

/* Begin PBXGroup section */
		913BBC8A27B1936F00E33297 /* Supporting files */ = {
			isa = PBXGroup;
			children = (
				91D614EE27B0286A0094D9C3 /* AppDelegate.swift */,
				91D614F027B0286A0094D9C3 /* SceneDelegate.swift */,
				91D614F927B0286E0094D9C3 /* LaunchScreen.storyboard */,
			);
			path = "Supporting files";
			sourceTree = "<group>";
		};
		913BBC8B27B1937700E33297 /* Controller */ = {
			isa = PBXGroup;
			children = (
				9107A55A27B167E70056308C /* MainVC.swift */,
			);
			path = Controller;
			sourceTree = "<group>";
		};
		913BBC8C27B1937E00E33297 /* View */ = {
			isa = PBXGroup;
			children = (
				9107A55C27B171BE0056308C /* MainView.swift */,
			);
			path = View;
			sourceTree = "<group>";
		};
		913BBC8D27B1938400E33297 /* Model */ = {
			isa = PBXGroup;
			children = (
				91D6150227B02A4E0094D9C3 /* Encryption.swift */,
			);
			path = Model;
			sourceTree = "<group>";
		};
		9193FDD227B29311003789F9 /* IQKeyboardManagerSwift */ = {
			isa = PBXGroup;
			children = (
				9193FDD327B29311003789F9 /* IQTextView */,
				9193FDD527B29311003789F9 /* IQKeyboardManager+Internal.swift */,
				9193FDD627B29311003789F9 /* IQToolbar */,
				9193FDDD27B29311003789F9 /* IQKeyboardManager+UIKeyboardNotification.swift */,
				9193FDDE27B29311003789F9 /* Constants */,
				9193FDE127B29311003789F9 /* IQKeyboardManager+Position.swift */,
				9193FDE227B29311003789F9 /* IQKeyboardReturnKeyHandler.swift */,
				9193FDE327B29311003789F9 /* IQKeyboardManager.swift */,
				9193FDE427B29311003789F9 /* IQKeyboardManager+Debug.swift */,
				9193FDE527B29311003789F9 /* IQKeyboardManager+OrientationNotification.swift */,
				9193FDE627B29311003789F9 /* IQKeyboardManager+Toolbar.swift */,
				9193FDE727B29311003789F9 /* IQKeyboardManagerSwift.h */,
				9193FDE827B29311003789F9 /* Categories */,
				9193FDEE27B29311003789F9 /* IQKeyboardManager+UITextFieldViewNotification.swift */,
			);
			path = IQKeyboardManagerSwift;
			sourceTree = "<group>";
		};
		9193FDD327B29311003789F9 /* IQTextView */ = {
			isa = PBXGroup;
			children = (
				9193FDD427B29311003789F9 /* IQTextView.swift */,
			);
			path = IQTextView;
			sourceTree = "<group>";
		};
		9193FDD627B29311003789F9 /* IQToolbar */ = {
			isa = PBXGroup;
			children = (
				9193FDD727B29311003789F9 /* IQPreviousNextView.swift */,
				9193FDD827B29311003789F9 /* IQTitleBarButtonItem.swift */,
				9193FDD927B29311003789F9 /* IQBarButtonItem.swift */,
				9193FDDA27B29311003789F9 /* IQToolbar.swift */,
				9193FDDB27B29311003789F9 /* IQUIView+IQKeyboardToolbar.swift */,
				9193FDDC27B29311003789F9 /* IQInvocation.swift */,
			);
			path = IQToolbar;
			sourceTree = "<group>";
		};
		9193FDDE27B29311003789F9 /* Constants */ = {
			isa = PBXGroup;
			children = (
				9193FDDF27B29311003789F9 /* IQKeyboardManagerConstantsInternal.swift */,
				9193FDE027B29311003789F9 /* IQKeyboardManagerConstants.swift */,
			);
			path = Constants;
			sourceTree = "<group>";
		};
		9193FDE827B29311003789F9 /* Categories */ = {
			isa = PBXGroup;
			children = (
				9193FDE927B29311003789F9 /* IQUIScrollView+Additions.swift */,
				9193FDEA27B29311003789F9 /* IQUIViewController+Additions.swift */,
				9193FDEB27B29311003789F9 /* IQUITextFieldView+Additions.swift */,
				9193FDEC27B29311003789F9 /* IQUIView+Hierarchy.swift */,
				9193FDED27B29311003789F9 /* IQNSArray+Sort.swift */,
			);
			path = Categories;
			sourceTree = "<group>";
		};
		91D614E227B0286A0094D9C3 = {
			isa = PBXGroup;
			children = (
				91D614ED27B0286A0094D9C3 /* Cryptogram */,
				91D614EC27B0286A0094D9C3 /* Products */,
				91D6150427B02ADD0094D9C3 /* Frameworks */,
			);
			sourceTree = "<group>";
		};
		91D614EC27B0286A0094D9C3 /* Products */ = {
			isa = PBXGroup;
			children = (
				91D614EB27B0286A0094D9C3 /* Cryptogram.app */,
			);
			name = Products;
			sourceTree = "<group>";
		};
		91D614ED27B0286A0094D9C3 /* Cryptogram */ = {
			isa = PBXGroup;
			children = (
				913BBC8D27B1938400E33297 /* Model */,
				913BBC8C27B1937E00E33297 /* View */,
				913BBC8B27B1937700E33297 /* Controller */,
				913BBC8A27B1936F00E33297 /* Supporting files */,
				91D614F727B0286E0094D9C3 /* Assets.xcassets */,
				91D614FC27B0286E0094D9C3 /* Info.plist */,
				91D6150727B02C150094D9C3 /* Cryptogram-Bridging-Header.h */,
				9193FDD227B29311003789F9 /* IQKeyboardManagerSwift */,
			);
			path = Cryptogram;
			sourceTree = "<group>";
		};
		91D6150427B02ADD0094D9C3 /* Frameworks */ = {
			isa = PBXGroup;
			children = (
				91D6150527B02ADD0094D9C3 /* Security.framework */,
			);
			name = Frameworks;
			sourceTree = "<group>";
		};
/* End PBXGroup section */

/* Begin PBXNativeTarget section */
		91D614EA27B0286A0094D9C3 /* Cryptogram */ = {
			isa = PBXNativeTarget;
			buildConfigurationList = 91D614FF27B0286E0094D9C3 /* Build configuration list for PBXNativeTarget "Cryptogram" */;
			buildPhases = (
				91D614E727B0286A0094D9C3 /* Sources */,
				91D614E827B0286A0094D9C3 /* Frameworks */,
				91D614E927B0286A0094D9C3 /* Resources */,
			);
			buildRules = (
			);
			dependencies = (
			);
			name = Cryptogram;
			productName = Cryptogram;
			productReference = 91D614EB27B0286A0094D9C3 /* Cryptogram.app */;
			productType = "com.apple.product-type.application";
		};
/* End PBXNativeTarget section */

/* Begin PBXProject section */
		91D614E327B0286A0094D9C3 /* Project object */ = {
			isa = PBXProject;
			attributes = {
				BuildIndependentTargetsInParallel = 1;
				LastSwiftUpdateCheck = 1300;
				LastUpgradeCheck = 1300;
				TargetAttributes = {
					91D614EA27B0286A0094D9C3 = {
						CreatedOnToolsVersion = 13.0;
					};
				};
			};
			buildConfigurationList = 91D614E627B0286A0094D9C3 /* Build configuration list for PBXProject "Cryptogram" */;
			compatibilityVersion = "Xcode 13.0";
			developmentRegion = en;
			hasScannedForEncodings = 0;
			knownRegions = (
				en,
				Base,
			);
			mainGroup = 91D614E227B0286A0094D9C3;
			productRefGroup = 91D614EC27B0286A0094D9C3 /* Products */;
			projectDirPath = "";
			projectRoot = "";
			targets = (
				91D614EA27B0286A0094D9C3 /* Cryptogram */,
			);
		};
/* End PBXProject section */

/* Begin PBXResourcesBuildPhase section */
		91D614E927B0286A0094D9C3 /* Resources */ = {
			isa = PBXResourcesBuildPhase;
			buildActionMask = 2147483647;
			files = (
				91D614FB27B0286E0094D9C3 /* LaunchScreen.storyboard in Resources */,
				91D614F827B0286E0094D9C3 /* Assets.xcassets in Resources */,
			);
			runOnlyForDeploymentPostprocessing = 0;
		};
/* End PBXResourcesBuildPhase section */

/* Begin PBXSourcesBuildPhase section */
		91D614E727B0286A0094D9C3 /* Sources */ = {
			isa = PBXSourcesBuildPhase;
			buildActionMask = 2147483647;
			files = (
				9193FDFD27B29311003789F9 /* IQKeyboardManager+Debug.swift in Sources */,
				9193FDF227B29311003789F9 /* IQTitleBarButtonItem.swift in Sources */,
				9107A55D27B171BE0056308C /* MainView.swift in Sources */,
				91D614EF27B0286A0094D9C3 /* AppDelegate.swift in Sources */,
				91D6150327B02A4E0094D9C3 /* Encryption.swift in Sources */,
				9193FDF327B29311003789F9 /* IQBarButtonItem.swift in Sources */,
				9193FE0127B29311003789F9 /* IQUIViewController+Additions.swift in Sources */,
				9193FDF827B29311003789F9 /* IQKeyboardManagerConstantsInternal.swift in Sources */,
				9193FE0527B29311003789F9 /* IQKeyboardManager+UITextFieldViewNotification.swift in Sources */,
				9107A55B27B167E70056308C /* MainVC.swift in Sources */,
				9193FDFF27B29311003789F9 /* IQKeyboardManager+Toolbar.swift in Sources */,
				9193FDF527B29311003789F9 /* IQUIView+IQKeyboardToolbar.swift in Sources */,
				9193FDFC27B29311003789F9 /* IQKeyboardManager.swift in Sources */,
				9193FE0027B29311003789F9 /* IQUIScrollView+Additions.swift in Sources */,
				9193FDFB27B29311003789F9 /* IQKeyboardReturnKeyHandler.swift in Sources */,
				9193FDFE27B29311003789F9 /* IQKeyboardManager+OrientationNotification.swift in Sources */,
				9193FE0227B29311003789F9 /* IQUITextFieldView+Additions.swift in Sources */,
				9193FDF427B29311003789F9 /* IQToolbar.swift in Sources */,
				9193FDF127B29311003789F9 /* IQPreviousNextView.swift in Sources */,
				9193FDF627B29311003789F9 /* IQInvocation.swift in Sources */,
				9193FDF727B29311003789F9 /* IQKeyboardManager+UIKeyboardNotification.swift in Sources */,
				9193FE0327B29311003789F9 /* IQUIView+Hierarchy.swift in Sources */,
				9193FDF927B29311003789F9 /* IQKeyboardManagerConstants.swift in Sources */,
				9193FDFA27B29311003789F9 /* IQKeyboardManager+Position.swift in Sources */,
				91D614F127B0286A0094D9C3 /* SceneDelegate.swift in Sources */,
				9193FDF027B29311003789F9 /* IQKeyboardManager+Internal.swift in Sources */,
				9193FDEF27B29311003789F9 /* IQTextView.swift in Sources */,
				9193FE0427B29311003789F9 /* IQNSArray+Sort.swift in Sources */,
			);
			runOnlyForDeploymentPostprocessing = 0;
		};
/* End PBXSourcesBuildPhase section */

/* Begin PBXVariantGroup section */
		91D614F927B0286E0094D9C3 /* LaunchScreen.storyboard */ = {
			isa = PBXVariantGroup;
			children = (
				91D614FA27B0286E0094D9C3 /* Base */,
			);
			name = LaunchScreen.storyboard;
			sourceTree = "<group>";
		};
/* End PBXVariantGroup section */

/* Begin XCBuildConfiguration section */
		91D614FD27B0286E0094D9C3 /* Debug */ = {
			isa = XCBuildConfiguration;
			buildSettings = {
				ALWAYS_SEARCH_USER_PATHS = NO;
				CLANG_ANALYZER_NONNULL = YES;
				CLANG_ANALYZER_NUMBER_OBJECT_CONVERSION = YES_AGGRESSIVE;
				CLANG_CXX_LANGUAGE_STANDARD = "gnu++17";
				CLANG_CXX_LIBRARY = "libc++";
				CLANG_ENABLE_MODULES = YES;
				CLANG_ENABLE_OBJC_ARC = YES;
				CLANG_ENABLE_OBJC_WEAK = YES;
				CLANG_WARN_BLOCK_CAPTURE_AUTORELEASING = YES;
				CLANG_WARN_BOOL_CONVERSION = YES;
				CLANG_WARN_COMMA = YES;
				CLANG_WARN_CONSTANT_CONVERSION = YES;
				CLANG_WARN_DEPRECATED_OBJC_IMPLEMENTATIONS = YES;
				CLANG_WARN_DIRECT_OBJC_ISA_USAGE = YES_ERROR;
				CLANG_WARN_DOCUMENTATION_COMMENTS = YES;
				CLANG_WARN_EMPTY_BODY = YES;
				CLANG_WARN_ENUM_CONVERSION = YES;
				CLANG_WARN_INFINITE_RECURSION = YES;
				CLANG_WARN_INT_CONVERSION = YES;
				CLANG_WARN_NON_LITERAL_NULL_CONVERSION = YES;
				CLANG_WARN_OBJC_IMPLICIT_RETAIN_SELF = YES;
				CLANG_WARN_OBJC_LITERAL_CONVERSION = YES;
				CLANG_WARN_OBJC_ROOT_CLASS = YES_ERROR;
				CLANG_WARN_QUOTED_INCLUDE_IN_FRAMEWORK_HEADER = YES;
				CLANG_WARN_RANGE_LOOP_ANALYSIS = YES;
				CLANG_WARN_STRICT_PROTOTYPES = YES;
				CLANG_WARN_SUSPICIOUS_MOVE = YES;
				CLANG_WARN_UNGUARDED_AVAILABILITY = YES_AGGRESSIVE;
				CLANG_WARN_UNREACHABLE_CODE = YES;
				CLANG_WARN__DUPLICATE_METHOD_MATCH = YES;
				COPY_PHASE_STRIP = NO;
				DEBUG_INFORMATION_FORMAT = dwarf;
				ENABLE_STRICT_OBJC_MSGSEND = YES;
				ENABLE_TESTABILITY = YES;
				GCC_C_LANGUAGE_STANDARD = gnu11;
				GCC_DYNAMIC_NO_PIC = NO;
				GCC_NO_COMMON_BLOCKS = YES;
				GCC_OPTIMIZATION_LEVEL = 0;
				GCC_PREPROCESSOR_DEFINITIONS = (
					"DEBUG=1",
					"$(inherited)",
				);
				GCC_WARN_64_TO_32_BIT_CONVERSION = YES;
				GCC_WARN_ABOUT_RETURN_TYPE = YES_ERROR;
				GCC_WARN_UNDECLARED_SELECTOR = YES;
				GCC_WARN_UNINITIALIZED_AUTOS = YES_AGGRESSIVE;
				GCC_WARN_UNUSED_FUNCTION = YES;
				GCC_WARN_UNUSED_VARIABLE = YES;
				IPHONEOS_DEPLOYMENT_TARGET = 15.0;
				MTL_ENABLE_DEBUG_INFO = INCLUDE_SOURCE;
				MTL_FAST_MATH = YES;
				ONLY_ACTIVE_ARCH = YES;
				SDKROOT = iphoneos;
				SWIFT_ACTIVE_COMPILATION_CONDITIONS = DEBUG;
				SWIFT_OPTIMIZATION_LEVEL = "-Onone";
			};
			name = Debug;
		};
		91D614FE27B0286E0094D9C3 /* Release */ = {
			isa = XCBuildConfiguration;
			buildSettings = {
				ALWAYS_SEARCH_USER_PATHS = NO;
				CLANG_ANALYZER_NONNULL = YES;
				CLANG_ANALYZER_NUMBER_OBJECT_CONVERSION = YES_AGGRESSIVE;
				CLANG_CXX_LANGUAGE_STANDARD = "gnu++17";
				CLANG_CXX_LIBRARY = "libc++";
				CLANG_ENABLE_MODULES = YES;
				CLANG_ENABLE_OBJC_ARC = YES;
				CLANG_ENABLE_OBJC_WEAK = YES;
				CLANG_WARN_BLOCK_CAPTURE_AUTORELEASING = YES;
				CLANG_WARN_BOOL_CONVERSION = YES;
				CLANG_WARN_COMMA = YES;
				CLANG_WARN_CONSTANT_CONVERSION = YES;
				CLANG_WARN_DEPRECATED_OBJC_IMPLEMENTATIONS = YES;
				CLANG_WARN_DIRECT_OBJC_ISA_USAGE = YES_ERROR;
				CLANG_WARN_DOCUMENTATION_COMMENTS = YES;
				CLANG_WARN_EMPTY_BODY = YES;
				CLANG_WARN_ENUM_CONVERSION = YES;
				CLANG_WARN_INFINITE_RECURSION = YES;
				CLANG_WARN_INT_CONVERSION = YES;
				CLANG_WARN_NON_LITERAL_NULL_CONVERSION = YES;
				CLANG_WARN_OBJC_IMPLICIT_RETAIN_SELF = YES;
				CLANG_WARN_OBJC_LITERAL_CONVERSION = YES;
				CLANG_WARN_OBJC_ROOT_CLASS = YES_ERROR;
				CLANG_WARN_QUOTED_INCLUDE_IN_FRAMEWORK_HEADER = YES;
				CLANG_WARN_RANGE_LOOP_ANALYSIS = YES;
				CLANG_WARN_STRICT_PROTOTYPES = YES;
				CLANG_WARN_SUSPICIOUS_MOVE = YES;
				CLANG_WARN_UNGUARDED_AVAILABILITY = YES_AGGRESSIVE;
				CLANG_WARN_UNREACHABLE_CODE = YES;
				CLANG_WARN__DUPLICATE_METHOD_MATCH = YES;
				COPY_PHASE_STRIP = NO;
				DEBUG_INFORMATION_FORMAT = "dwarf-with-dsym";
				ENABLE_NS_ASSERTIONS = NO;
				ENABLE_STRICT_OBJC_MSGSEND = YES;
				GCC_C_LANGUAGE_STANDARD = gnu11;
				GCC_NO_COMMON_BLOCKS = YES;
				GCC_WARN_64_TO_32_BIT_CONVERSION = YES;
				GCC_WARN_ABOUT_RETURN_TYPE = YES_ERROR;
				GCC_WARN_UNDECLARED_SELECTOR = YES;
				GCC_WARN_UNINITIALIZED_AUTOS = YES_AGGRESSIVE;
				GCC_WARN_UNUSED_FUNCTION = YES;
				GCC_WARN_UNUSED_VARIABLE = YES;
				IPHONEOS_DEPLOYMENT_TARGET = 15.0;
				MTL_ENABLE_DEBUG_INFO = NO;
				MTL_FAST_MATH = YES;
				SDKROOT = iphoneos;
				SWIFT_COMPILATION_MODE = wholemodule;
				SWIFT_OPTIMIZATION_LEVEL = "-O";
				VALIDATE_PRODUCT = YES;
			};
			name = Release;
		};
		91D6150027B0286E0094D9C3 /* Debug */ = {
			isa = XCBuildConfiguration;
			buildSettings = {
				ASSETCATALOG_COMPILER_APPICON_NAME = AppIcon;
				ASSETCATALOG_COMPILER_GLOBAL_ACCENT_COLOR_NAME = AccentColor;
				CODE_SIGN_STYLE = Automatic;
				CURRENT_PROJECT_VERSION = 1;
				DEVELOPMENT_TEAM = M8KC244ECU;
				GENERATE_INFOPLIST_FILE = YES;
				INFOPLIST_FILE = Cryptogram/Info.plist;
				INFOPLIST_KEY_UIApplicationSupportsIndirectInputEvents = YES;
				INFOPLIST_KEY_UILaunchStoryboardName = LaunchScreen;
				INFOPLIST_KEY_UISupportedInterfaceOrientations = UIInterfaceOrientationPortrait;
				INFOPLIST_KEY_UISupportedInterfaceOrientations_iPad = "UIInterfaceOrientationPortrait UIInterfaceOrientationPortraitUpsideDown UIInterfaceOrientationLandscapeLeft UIInterfaceOrientationLandscapeRight";
				INFOPLIST_KEY_UISupportedInterfaceOrientations_iPhone = "UIInterfaceOrientationPortrait UIInterfaceOrientationLandscapeLeft UIInterfaceOrientationLandscapeRight";
				LD_RUNPATH_SEARCH_PATHS = (
					"$(inherited)",
					"@executable_path/Frameworks",
				);
				MARKETING_VERSION = 1.0;
				PRODUCT_BUNDLE_IDENTIFIER = NickSagan.Cryptogram;
				PRODUCT_NAME = "$(TARGET_NAME)";
				SWIFT_EMIT_LOC_STRINGS = YES;
				SWIFT_OBJC_BRIDGING_HEADER = "Cryptogram/Cryptogram-Bridging-Header.h";
				SWIFT_VERSION = 5.0;
				TARGETED_DEVICE_FAMILY = "1,2";
			};
			name = Debug;
		};
		91D6150127B0286E0094D9C3 /* Release */ = {
			isa = XCBuildConfiguration;
			buildSettings = {
				ASSETCATALOG_COMPILER_APPICON_NAME = AppIcon;
				ASSETCATALOG_COMPILER_GLOBAL_ACCENT_COLOR_NAME = AccentColor;
				CODE_SIGN_STYLE = Automatic;
				CURRENT_PROJECT_VERSION = 1;
				DEVELOPMENT_TEAM = M8KC244ECU;
				GENERATE_INFOPLIST_FILE = YES;
				INFOPLIST_FILE = Cryptogram/Info.plist;
				INFOPLIST_KEY_UIApplicationSupportsIndirectInputEvents = YES;
				INFOPLIST_KEY_UILaunchStoryboardName = LaunchScreen;
				INFOPLIST_KEY_UISupportedInterfaceOrientations = UIInterfaceOrientationPortrait;
				INFOPLIST_KEY_UISupportedInterfaceOrientations_iPad = "UIInterfaceOrientationPortrait UIInterfaceOrientationPortraitUpsideDown UIInterfaceOrientationLandscapeLeft UIInterfaceOrientationLandscapeRight";
				INFOPLIST_KEY_UISupportedInterfaceOrientations_iPhone = "UIInterfaceOrientationPortrait UIInterfaceOrientationLandscapeLeft UIInterfaceOrientationLandscapeRight";
				LD_RUNPATH_SEARCH_PATHS = (
					"$(inherited)",
					"@executable_path/Frameworks",
				);
				MARKETING_VERSION = 1.0;
				PRODUCT_BUNDLE_IDENTIFIER = NickSagan.Cryptogram;
				PRODUCT_NAME = "$(TARGET_NAME)";
				SWIFT_EMIT_LOC_STRINGS = YES;
				SWIFT_OBJC_BRIDGING_HEADER = "Cryptogram/Cryptogram-Bridging-Header.h";
				SWIFT_VERSION = 5.0;
				TARGETED_DEVICE_FAMILY = "1,2";
			};
			name = Release;
		};
/* End XCBuildConfiguration section */

/* Begin XCConfigurationList section */
		91D614E627B0286A0094D9C3 /* Build configuration list for PBXProject "Cryptogram" */ = {
			isa = XCConfigurationList;
			buildConfigurations = (
				91D614FD27B0286E0094D9C3 /* Debug */,
				91D614FE27B0286E0094D9C3 /* Release */,
			);
			defaultConfigurationIsVisible = 0;
			defaultConfigurationName = Release;
		};
		91D614FF27B0286E0094D9C3 /* Build configuration list for PBXNativeTarget "Cryptogram" */ = {
			isa = XCConfigurationList;
			buildConfigurations = (
				91D6150027B0286E0094D9C3 /* Debug */,
				91D6150127B0286E0094D9C3 /* Release */,
			);
			defaultConfigurationIsVisible = 0;
			defaultConfigurationName = Release;
		};
/* End XCConfigurationList section */
	};
	rootObject = 91D614E327B0286A0094D9C3 /* Project object */;
}
